
Microsoft Visual Studio Solution File, Format Version 12.00
# Visual Studio 15
VisualStudioVersion = 15.0.28010.2036
MinimumVisualStudioVersion = 10.0.40219.1
Project("{FAE04EC0-301F-11D3-BF4B-00C04F79EFBC}") = "Rat Pack", "Rat Pack\Rat Pack.csproj", "{EE67D15F-7194-4880-83EA-5749DD69C584}"
EndProject
Global
	GlobalSection(SolutionConfigurationPlatforms) = preSolution
		Debug|Any CPU = Debug|Any CPU
		Release|Any CPU = Release|Any CPU
	EndGlobalSection
	GlobalSection(ProjectConfigurationPlatforms) = postSolution
		{EE67D15F-7194-4880-83EA-5749DD69C584}.Debug|Any CPU.ActiveCfg = Debug|Any CPU
		{EE67D15F-7194-4880-83EA-5749DD69C584}.Debug|Any CPU.Build.0 = Debug|Any CPU
		{EE67D15F-7194-4880-83EA-5749DD69C584}.Release|Any CPU.ActiveCfg = Release|Any CPU
		{EE67D15F-7194-4880-83EA-5749DD69C584}.Release|Any CPU.Build.0 = Release|Any CPU
	EndGlobalSection
	GlobalSection(SolutionProperties) = preSolution
		HideSolutionNode = FALSE
	EndGlobalSection
	GlobalSection(ExtensibilityGlobals) = postSolution
		SolutionGuid = {0A8E28EA-2C72-416F-8164-76C026D9A6D8}
	EndGlobalSection
EndGlobal
